
Microsoft Visual Studio Solution File, Format Version 12.00
# Visual Studio Version 16
VisualStudioVersion = 16.0.30907.101
MinimumVisualStudioVersion = 10.0.40219.1
Project("{9A19103F-16F7-4668-BE54-9A1E7A4F7556}") = "TodoApp.Models", "TodoApp.Models\TodoApp.Models.csproj", "{609AF056-C748-4CBA-96A4-6FE699994E13}"
EndProject
Project("{2150E333-8FDC-42A3-9474-1A3956D46DE8}") = "UI", "UI", "{6C10623F-2D04-40D3-B56A-D897F74E5912}"
EndProject
Project("{9A19103F-16F7-4668-BE54-9A1E7A4F7556}") = "TodoApp.ConsoleApp", "TodoApp.ConsoleApp\TodoApp.ConsoleApp.csproj", "{2AC9AFD0-79E0-4108-87B7-308B59AB3561}"
EndProject
Project("{9A19103F-16F7-4668-BE54-9A1E7A4F7556}") = "TodoApp.ConsoleAppFile", "TodoApp.ConsoleAppFile\TodoApp.ConsoleAppFile.csproj", "{A2047636-6B0D-4B1A-9C33-1B10FC9E5A70}"
EndProject
Project("{9A19103F-16F7-4668-BE54-9A1E7A4F7556}") = "TodoApp.WindowsFormsApp", "TodoApp.WindowsFormsApp\TodoApp.WindowsFormsApp.csproj", "{88E413DC-F447-4B1C-95CC-BA1F148782E4}"
EndProject
Project("{2150E333-8FDC-42A3-9474-1A3956D46DE8}") = "API", "API", "{835511F3-8CE5-4F0D-BD09-6FF0EFE5DA5A}"
EndProject
Project("{FAE04EC0-301F-11D3-BF4B-00C04F79EFBC}") = "TodoApp.Apis", "TodoApp.Apis\TodoApp.Apis.csproj", "{C08C961F-9189-42B4-B998-88F36BA1F647}"
EndProject
Project("{FAE04EC0-301F-11D3-BF4B-00C04F79EFBC}") = "TodoApp.Apis.Tests.ConsoleApp", "TodoApp.Apis.Tests.ConsoleApp\TodoApp.Apis.Tests.ConsoleApp.csproj", "{0CB86627-B8F9-4EF0-9A88-06066F713ED1}"
EndProject
Global
	GlobalSection(SolutionConfigurationPlatforms) = preSolution
		Debug|Any CPU = Debug|Any CPU
		Release|Any CPU = Release|Any CPU
	EndGlobalSection
	GlobalSection(ProjectConfigurationPlatforms) = postSolution
		{609AF056-C748-4CBA-96A4-6FE699994E13}.Debug|Any CPU.ActiveCfg = Debug|Any CPU
		{609AF056-C748-4CBA-96A4-6FE699994E13}.Debug|Any CPU.Build.0 = Debug|Any CPU
		{609AF056-C748-4CBA-96A4-6FE699994E13}.Release|Any CPU.ActiveCfg = Release|Any CPU
		{609AF056-C748-4CBA-96A4-6FE699994E13}.Release|Any CPU.Build.0 = Release|Any CPU
		{2AC9AFD0-79E0-4108-87B7-308B59AB3561}.Debug|Any CPU.ActiveCfg = Debug|Any CPU
		{2AC9AFD0-79E0-4108-87B7-308B59AB3561}.Debug|Any CPU.Build.0 = Debug|Any CPU
		{2AC9AFD0-79E0-4108-87B7-308B59AB3561}.Release|Any CPU.ActiveCfg = Release|Any CPU
		{2AC9AFD0-79E0-4108-87B7-308B59AB3561}.Release|Any CPU.Build.0 = Release|Any CPU
		{A2047636-6B0D-4B1A-9C33-1B10FC9E5A70}.Debug|Any CPU.ActiveCfg = Debug|Any CPU
		{A2047636-6B0D-4B1A-9C33-1B10FC9E5A70}.Debug|Any CPU.Build.0 = Debug|Any CPU
		{A2047636-6B0D-4B1A-9C33-1B10FC9E5A70}.Release|Any CPU.ActiveCfg = Release|Any CPU
		{A2047636-6B0D-4B1A-9C33-1B10FC9E5A70}.Release|Any CPU.Build.0 = Release|Any CPU
		{88E413DC-F447-4B1C-95CC-BA1F148782E4}.Debug|Any CPU.ActiveCfg = Debug|Any CPU
		{88E413DC-F447-4B1C-95CC-BA1F148782E4}.Debug|Any CPU.Build.0 = Debug|Any CPU
		{88E413DC-F447-4B1C-95CC-BA1F148782E4}.Release|Any CPU.ActiveCfg = Release|Any CPU
		{88E413DC-F447-4B1C-95CC-BA1F148782E4}.Release|Any CPU.Build.0 = Release|Any CPU
		{C08C961F-9189-42B4-B998-88F36BA1F647}.Debug|Any CPU.ActiveCfg = Debug|Any CPU
		{C08C961F-9189-42B4-B998-88F36BA1F647}.Debug|Any CPU.Build.0 = Debug|Any CPU
		{C08C961F-9189-42B4-B998-88F36BA1F647}.Release|Any CPU.ActiveCfg = Release|Any CPU
		{C08C961F-9189-42B4-B998-88F36BA1F647}.Release|Any CPU.Build.0 = Release|Any CPU
		{0CB86627-B8F9-4EF0-9A88-06066F713ED1}.Debug|Any CPU.ActiveCfg = Debug|Any CPU
		{0CB86627-B8F9-4EF0-9A88-06066F713ED1}.Debug|Any CPU.Build.0 = Debug|Any CPU
		{0CB86627-B8F9-4EF0-9A88-06066F713ED1}.Release|Any CPU.ActiveCfg = Release|Any CPU
		{0CB86627-B8F9-4EF0-9A88-06066F713ED1}.Release|Any CPU.Build.0 = Release|Any CPU
	EndGlobalSection
	GlobalSection(SolutionProperties) = preSolution
		HideSolutionNode = FALSE
	EndGlobalSection
	GlobalSection(NestedProjects) = preSolution
		{2AC9AFD0-79E0-4108-87B7-308B59AB3561} = {6C10623F-2D04-40D3-B56A-D897F74E5912}
		{A2047636-6B0D-4B1A-9C33-1B10FC9E5A70} = {6C10623F-2D04-40D3-B56A-D897F74E5912}
		{88E413DC-F447-4B1C-95CC-BA1F148782E4} = {6C10623F-2D04-40D3-B56A-D897F74E5912}
		{C08C961F-9189-42B4-B998-88F36BA1F647} = {835511F3-8CE5-4F0D-BD09-6FF0EFE5DA5A}
		{0CB86627-B8F9-4EF0-9A88-06066F713ED1} = {835511F3-8CE5-4F0D-BD09-6FF0EFE5DA5A}
	EndGlobalSection
	GlobalSection(ExtensibilityGlobals) = postSolution
		SolutionGuid = {F9A7A66C-DAFD-4C1F-BACA-8C8F85E52C73}
	EndGlobalSection
EndGlobal
